
Microsoft Visual Studio Solution File, Format Version 12.00
# Visual Studio Version 16
VisualStudioVersion = 16.0.30320.27
MinimumVisualStudioVersion = 10.0.40219.1
Project("{9A19103F-16F7-4668-BE54-9A1E7A4F7556}") = "TrackerLibrary", "TrackerLibrary\TrackerLibrary.csproj", "{CCB1182C-3E75-4D99-BB87-72FE2F2472D4}"
EndProject
Project("{FAE04EC0-301F-11D3-BF4B-00C04F79EFBC}") = "TrackerUI", "TrackerUI\TrackerUI.csproj", "{BE285BCB-DD69-4F76-B294-66DFDE171829}"
EndProject
Global
	GlobalSection(SolutionConfigurationPlatforms) = preSolution
		Debug|Any CPU = Debug|Any CPU
		Release|Any CPU = Release|Any CPU
	EndGlobalSection
	GlobalSection(ProjectConfigurationPlatforms) = postSolution
		{CCB1182C-3E75-4D99-BB87-72FE2F2472D4}.Debug|Any CPU.ActiveCfg = Debug|Any CPU
		{CCB1182C-3E75-4D99-BB87-72FE2F2472D4}.Debug|Any CPU.Build.0 = Debug|Any CPU
		{CCB1182C-3E75-4D99-BB87-72FE2F2472D4}.Release|Any CPU.ActiveCfg = Release|Any CPU
		{CCB1182C-3E75-4D99-BB87-72FE2F2472D4}.Release|Any CPU.Build.0 = Release|Any CPU
		{BE285BCB-DD69-4F76-B294-66DFDE171829}.Debug|Any CPU.ActiveCfg = Debug|Any CPU
		{BE285BCB-DD69-4F76-B294-66DFDE171829}.Debug|Any CPU.Build.0 = Debug|Any CPU
		{BE285BCB-DD69-4F76-B294-66DFDE171829}.Release|Any CPU.ActiveCfg = Release|Any CPU
		{BE285BCB-DD69-4F76-B294-66DFDE171829}.Release|Any CPU.Build.0 = Release|Any CPU
	EndGlobalSection
	GlobalSection(SolutionProperties) = preSolution
		HideSolutionNode = FALSE
	EndGlobalSection
	GlobalSection(ExtensibilityGlobals) = postSolution
		SolutionGuid = {21099081-FF4D-42AA-B113-4B6099AC4976}
	EndGlobalSection
EndGlobal
